
Microsoft Visual Studio Solution File, Format Version 12.00
# Visual Studio Version 16
VisualStudioVersion = 16.0.29920.165
MinimumVisualStudioVersion = 10.0.40219.1
Project("{FAE04EC0-301F-11D3-BF4B-00C04F79EFBC}") = "cw10", "cw10\cw10.csproj", "{FD052405-313E-461F-B16D-907C60E649B1}"
EndProject
Global
	GlobalSection(SolutionConfigurationPlatforms) = preSolution
		Debug|Any CPU = Debug|Any CPU
		Release|Any CPU = Release|Any CPU
	EndGlobalSection
	GlobalSection(ProjectConfigurationPlatforms) = postSolution
		{FD052405-313E-461F-B16D-907C60E649B1}.Debug|Any CPU.ActiveCfg = Debug|Any CPU
		{FD052405-313E-461F-B16D-907C60E649B1}.Debug|Any CPU.Build.0 = Debug|Any CPU
		{FD052405-313E-461F-B16D-907C60E649B1}.Release|Any CPU.ActiveCfg = Release|Any CPU
		{FD052405-313E-461F-B16D-907C60E649B1}.Release|Any CPU.Build.0 = Release|Any CPU
	EndGlobalSection
	GlobalSection(SolutionProperties) = preSolution
		HideSolutionNode = FALSE
	EndGlobalSection
	GlobalSection(ExtensibilityGlobals) = postSolution
		SolutionGuid = {8B4B3EEA-7CBD-4B3B-894D-DA153106D142}
	EndGlobalSection
EndGlobal
